lockfileVersion: '9.0'

settings:
  autoInstallPeers: true
  excludeLinksFromLockfile: false

importers:

  .:
    dependencies:
      '@discordjs/collection':
        specifier: ^2.1.1
        version: 2.1.1
      '@vladfrangu/async_event_emitter':
        specifier: ^2.4.6
        version: 2.4.6
      long:
        specifier: ^5.3.1
        version: 5.3.1
      revolt-api:
        specifier: ^0.8.3
        version: 0.8.3
      ulid:
        specifier: ^2.3.0
        version: 2.3.0
    devDependencies:
      '@types/node':
        specifier: ^22.13.10
        version: 22.13.10
      prettier:
        specifier: ^3.5.3
        version: 3.5.3
      typescript:
        specifier: ^5.8.2
        version: 5.8.2

packages:

  '@discordjs/collection@2.1.1':
    resolution: {integrity: sha512-LiSusze9Tc7qF03sLCujF5iZp7K+vRNEDBZ86FT9aQAv3vxMLihUvKvpsCWiQ2DJq1tVckopKm1rxomgNUc9hg==}
    engines: {node: '>=18'}

  '@types/node@22.13.10':
    resolution: {integrity: sha512-I6LPUvlRH+O6VRUqYOcMudhaIdUVWfsjnZavnsraHvpBwaEyMN29ry+0UVJhImYL16xsscu0aske3yA+uPOWfw==}

  '@vladfrangu/async_event_emitter@2.4.6':
    resolution: {integrity: sha512-RaI5qZo6D2CVS6sTHFKg1v5Ohq/+Bo2LZ5gzUEwZ/WkHhwtGTCB/sVLw8ijOkAUxasZ+WshN/Rzj4ywsABJ5ZA==}
    engines: {node: '>=v14.0.0', npm: '>=7.0.0'}

  axios@0.26.1:
    resolution: {integrity: sha512-fPwcX4EvnSHuInCMItEhAGnaSEXRBjtzh9fOtsE6E1G6p7vl7edEeZe11QHf18+6+9gR5PbKV/sGKNaD8YaMeA==}

  follow-redirects@1.15.9:
    resolution: {integrity: sha512-gew4GsXizNgdoRyqmyfMHyAmXsZDk6mHkSxZFCzW9gwlbtOW44CDtYavM+y+72qD/Vq2l550kMF52DT8fOLJqQ==}
    engines: {node: '>=4.0'}
    peerDependencies:
      debug: '*'
    peerDependenciesMeta:
      debug:
        optional: true

  lodash.defaultsdeep@4.6.1:
    resolution: {integrity: sha512-3j8wdDzYuWO3lM3Reg03MuQR957t287Rpcxp1njpEa8oDrikb+FwGdW3n+FELh/A6qib6yPit0j/pv9G/yeAqA==}

  long@5.3.1:
    resolution: {integrity: sha512-ka87Jz3gcx/I7Hal94xaN2tZEOPoUOEVftkQqZx2EeQRN7LGdfLlI3FvZ+7WDplm+vK2Urx9ULrvSowtdCieng==}

  prettier@3.5.3:
    resolution: {integrity: sha512-QQtaxnoDJeAkDvDKWCLiwIXkTgRhwYDEQCghU9Z6q03iyek/rxRh/2lC3HB7P8sWT2xC/y5JDctPLBIGzHKbhw==}
    engines: {node: '>=14'}
    hasBin: true

  revolt-api@0.8.3:
    resolution: {integrity: sha512-4dOe6sbiWFGF5PlAuYtH9vWHXdFOge/L6/EKr6oLgslN+QBn2DKfSOIhl6Ni2n0B0cBurhA1KuBy0mWfE68fIQ==}

  typescript@5.8.2:
    resolution: {integrity: sha512-aJn6wq13/afZp/jT9QZmwEjDqqvSGp1VT5GVg+f/t6/oVyrgXM6BY1h9BRh/O5p3PlUPAe+WuiEZOmb/49RqoQ==}
    engines: {node: '>=14.17'}
    hasBin: true

  ulid@2.3.0:
    resolution: {integrity: sha512-keqHubrlpvT6G2wH0OEfSW4mquYRcbe/J8NMmveoQOjUqmo+hXtO+ORCpWhdbZ7k72UtY61BL7haGxW6enBnjw==}
    hasBin: true

  undici-types@6.20.0:
    resolution: {integrity: sha512-Ny6QZ2Nju20vw1SRHe3d9jVu6gJ+4e3+MMpqu7pqE5HT6WsTSlce++GQmK5UXS8mzV8DSYHrQH+Xrf2jVcuKNg==}

snapshots:

  '@discordjs/collection@2.1.1': {}

  '@types/node@22.13.10':
    dependencies:
      undici-types: 6.20.0

  '@vladfrangu/async_event_emitter@2.4.6': {}

  axios@0.26.1:
    dependencies:
      follow-redirects: 1.15.9
    transitivePeerDependencies:
      - debug

  follow-redirects@1.15.9: {}

  lodash.defaultsdeep@4.6.1: {}

  long@5.3.1: {}

  prettier@3.5.3: {}

  revolt-api@0.8.3:
    dependencies:
      axios: 0.26.1
      lodash.defaultsdeep: 4.6.1
    transitivePeerDependencies:
      - debug

  typescript@5.8.2: {}

  ulid@2.3.0: {}

  undici-types@6.20.0: {}
